{
  "name": "b0nes",
  "version": "0.1.11",
  "lockfileVersion": 3,
  "requires": true,
  "packages": {
    "": {
      "name": "b0nes",
      "version": "0.1.11",
      "license": "MIT",
      "bin": {
        "b0nes": "bin/create.js"
      },
      "engines": {
        "node": ">=20.0.0"
      }
    }
  }
}
